// !$*UTF8*$!
{
	archiveVersion = 1;
	classes = {
	};
	objectVersion = 50;
	objects = {

/* Begin PBXBuildFile section */
		ACD97EA9213DD30A00FF56EE /* AppDelegate.swift in Sources */ = {isa = PBXBuildFile; fileRef = ACD97EA8213DD30A00FF56EE /* AppDelegate.swift */; };
		ACD97EAB213DD30A00FF56EE /* ViewController.swift in Sources */ = {isa = PBXBuildFile; fileRef = ACD97EAA213DD30A00FF56EE /* ViewController.swift */; };
		ACD97EAE213DD30A00FF56EE /* Main.storyboard in Resources */ = {isa = PBXBuildFile; fileRef = ACD97EAC213DD30A00FF56EE /* Main.storyboard */; };
		ACD97EB0213DD30C00FF56EE /* Assets.xcassets in Resources */ = {isa = PBXBuildFile; fileRef = ACD97EAF213DD30C00FF56EE /* Assets.xcassets */; };
		ACD97EB3213DD30C00FF56EE /* LaunchScreen.storyboard in Resources */ = {isa = PBXBuildFile; fileRef = ACD97EB1213DD30C00FF56EE /* LaunchScreen.storyboard */; };
		ACD97EBE213DD30C00FF56EE /* tableview2Tests.swift in Sources */ = {isa = PBXBuildFile; fileRef = ACD97EBD213DD30C00FF56EE /* tableview2Tests.swift */; };
		ACD97EC9213DD30C00FF56EE /* tableview2UITests.swift in Sources */ = {isa = PBXBuildFile; fileRef = ACD97EC8213DD30C00FF56EE /* tableview2UITests.swift */; };
/* End PBXBuildFile section */

/* Begin PBXContainerItemProxy section */
		ACD97EBA213DD30C00FF56EE /* PBXContainerItemProxy */ = {
			isa = PBXContainerItemProxy;
			containerPortal = ACD97E9D213DD30A00FF56EE /* Project object */;
			proxyType = 1;
			remoteGlobalIDString = ACD97EA4213DD30A00FF56EE;
			remoteInfo = tableview2;
		};
		ACD97EC5213DD30C00FF56EE /* PBXContainerItemProxy */ = {
			isa = PBXContainerItemProxy;
			containerPortal = ACD97E9D213DD30A00FF56EE /* Project object */;
			proxyType = 1;
			remoteGlobalIDString = ACD97EA4213DD30A00FF56EE;
			remoteInfo = tableview2;
		};
/* End PBXContainerItemProxy section */

/* Begin PBXFileReference section */
		ACD97EA5213DD30A00FF56EE /* tableview2.app */ = {isa = PBXFileReference; explicitFileType = wrapper.application; includeInIndex = 0; path = tableview2.app; sourceTree = BUILT_PRODUCTS_DIR; };
		ACD97EA8213DD30A00FF56EE /* AppDelegate.swift */ = {isa = PBXFileReference; lastKnownFileType = sourcecode.swift; path = AppDelegate.swift; sourceTree = "<group>"; };
		ACD97EAA213DD30A00FF56EE /* ViewController.swift */ = {isa = PBXFileReference; lastKnownFileType = sourcecode.swift; path = ViewController.swift; sourceTree = "<group>"; };
		ACD97EAD213DD30A00FF56EE /* Base */ = {isa = PBXFileReference; lastKnownFileType = file.storyboard; name = Base; path = Base.lproj/Main.storyboard; sourceTree = "<group>"; };
		ACD97EAF213DD30C00FF56EE /* Assets.xcassets */ = {isa = PBXFileReference; lastKnownFileType = folder.assetcatalog; path = Assets.xcassets; sourceTree = "<group>"; };
		ACD97EB2213DD30C00FF56EE /* Base */ = {isa = PBXFileReference; lastKnownFileType = file.storyboard; name = Base; path = Base.lproj/LaunchScreen.storyboard; sourceTree = "<group>"; };
		ACD97EB4213DD30C00FF56EE /* Info.plist */ = {isa = PBXFileReference; lastKnownFileType = text.plist.xml; path = Info.plist; sourceTree = "<group>"; };
		ACD97EB9213DD30C00FF56EE /* tableview2Tests.xctest */ = {isa = PBXFileReference; explicitFileType = wrapper.cfbundle; includeInIndex = 0; path = tableview2Tests.xctest; sourceTree = BUILT_PRODUCTS_DIR; };
		ACD97EBD213DD30C00FF56EE /* tableview2Tests.swift */ = {isa = PBXFileReference; lastKnownFileType = sourcecode.swift; path = tableview2Tests.swift; sourceTree = "<group>"; };
		ACD97EBF213DD30C00FF56EE /* Info.plist */ = {isa = PBXFileReference; lastKnownFileType = text.plist.xml; path = Info.plist; sourceTree = "<group>"; };
		ACD97EC4213DD30C00FF56EE /* tableview2UITests.xctest */ = {isa = PBXFileReference; explicitFileType = wrapper.cfbundle; includeInIndex = 0; path = tableview2UITests.xctest; sourceTree = BUILT_PRODUCTS_DIR; };
		ACD97EC8213DD30C00FF56EE /* tableview2UITests.swift */ = {isa = PBXFileReference; lastKnownFileType = sourcecode.swift; path = tableview2UITests.swift; sourceTree = "<group>"; };
		ACD97ECA213DD30C00FF56EE /* Info.plist */ = {isa = PBXFileReference; lastKnownFileType = text.plist.xml; path = Info.plist; sourceTree = "<group>"; };
/* End PBXFileReference section */

/* Begin PBXFrameworksBuildPhase section */
		ACD97EA2213DD30A00FF56EE /* Frameworks */ = {
			isa = PBXFrameworksBuildPhase;
			buildActionMask = 2147483647;
			files = (
			);
			runOnlyForDeploymentPostprocessing = 0;
		};
		ACD97EB6213DD30C00FF56EE /* Frameworks */ = {
			isa = PBXFrameworksBuildPhase;
			buildActionMask = 2147483647;
			files = (
			);
			runOnlyForDeploymentPostprocessing = 0;
		};
		ACD97EC1213DD30C00FF56EE /* Frameworks */ = {
			isa = PBXFrameworksBuildPhase;
			buildActionMask = 2147483647;
			files = (
			);
			runOnlyForDeploymentPostprocessing = 0;
		};
/* End PBXFrameworksBuildPhase section */

/* Begin PBXGroup section */
		ACD97E9C213DD30A00FF56EE = {
			isa = PBXGroup;
			children = (
				ACD97EA7213DD30A00FF56EE /* tableview2 */,
				ACD97EBC213DD30C00FF56EE /* tableview2Tests */,
				ACD97EC7213DD30C00FF56EE /* tableview2UITests */,
				ACD97EA6213DD30A00FF56EE /* Products */,
			);
			sourceTree = "<group>";
		};
		ACD97EA6213DD30A00FF56EE /* Products */ = {
			isa = PBXGroup;
			children = (
				ACD97EA5213DD30A00FF56EE /* tableview2.app */,
				ACD97EB9213DD30C00FF56EE /* tableview2Tests.xctest */,
				ACD97EC4213DD30C00FF56EE /* tableview2UITests.xctest */,
			);
			name = Products;
			sourceTree = "<group>";
		};
		ACD97EA7213DD30A00FF56EE /* tableview2 */ = {
			isa = PBXGroup;
			children = (
				ACD97EA8213DD30A00FF56EE /* AppDelegate.swift */,
				ACD97EAA213DD30A00FF56EE /* ViewController.swift */,
				ACD97EAC213DD30A00FF56EE /* Main.storyboard */,
				ACD97EAF213DD30C00FF56EE /* Assets.xcassets */,
				ACD97EB1213DD30C00FF56EE /* LaunchScreen.storyboard */,
				ACD97EB4213DD30C00FF56EE /* Info.plist */,
			);
			path = tableview2;
			sourceTree = "<group>";
		};
		ACD97EBC213DD30C00FF56EE /* tableview2Tests */ = {
			isa = PBXGroup;
			children = (
				ACD97EBD213DD30C00FF56EE /* tableview2Tests.swift */,
				ACD97EBF213DD30C00FF56EE /* Info.plist */,
			);
			path = tableview2Tests;
			sourceTree = "<group>";
		};
		ACD97EC7213DD30C00FF56EE /* tableview2UITests */ = {
			isa = PBXGroup;
			children = (
				ACD97EC8213DD30C00FF56EE /* tableview2UITests.swift */,
				ACD97ECA213DD30C00FF56EE /* Info.plist */,
			);
			path = tableview2UITests;
			sourceTree = "<group>";
		};
/* End PBXGroup section */

/* Begin PBXNativeTarget section */
		ACD97EA4213DD30A00FF56EE /* tableview2 */ = {
			isa = PBXNativeTarget;
			buildConfigurationList = ACD97ECD213DD30C00FF56EE /* Build configuration list for PBXNativeTarget "tableview2" */;
			buildPhases = (
				ACD97EA1213DD30A00FF56EE /* Sources */,
				ACD97EA2213DD30A00FF56EE /* Frameworks */,
				ACD97EA3213DD30A00FF56EE /* Resources */,
			);
			buildRules = (
			);
			dependencies = (
			);
			name = tableview2;
			productName = tableview2;
			productReference = ACD97EA5213DD30A00FF56EE /* tableview2.app */;
			productType = "com.apple.product-type.application";
		};
		ACD97EB8213DD30C00FF56EE /* tableview2Tests */ = {
			isa = PBXNativeTarget;
			buildConfigurationList = ACD97ED0213DD30C00FF56EE /* Build configuration list for PBXNativeTarget "tableview2Tests" */;
			buildPhases = (
				ACD97EB5213DD30C00FF56EE /* Sources */,
				ACD97EB6213DD30C00FF56EE /* Frameworks */,
				ACD97EB7213DD30C00FF56EE /* Resources */,
			);
			buildRules = (
			);
			dependencies = (
				ACD97EBB213DD30C00FF56EE /* PBXTargetDependency */,
			);
			name = tableview2Tests;
			productName = tableview2Tests;
			productReference = ACD97EB9213DD30C00FF56EE /* tableview2Tests.xctest */;
			productType = "com.apple.product-type.bundle.unit-test";
		};
		ACD97EC3213DD30C00FF56EE /* tableview2UITests */ = {
			isa = PBXNativeTarget;
			buildConfigurationList = ACD97ED3213DD30C00FF56EE /* Build configuration list for PBXNativeTarget "tableview2UITests" */;
			buildPhases = (
				ACD97EC0213DD30C00FF56EE /* Sources */,
				ACD97EC1213DD30C00FF56EE /* Frameworks */,
				ACD97EC2213DD30C00FF56EE /* Resources */,
			);
			buildRules = (
			);
			dependencies = (
				ACD97EC6213DD30C00FF56EE /* PBXTargetDependency */,
			);
			name = tableview2UITests;
			productName = tableview2UITests;
			productReference = ACD97EC4213DD30C00FF56EE /* tableview2UITests.xctest */;
			productType = "com.apple.product-type.bundle.ui-testing";
		};
/* End PBXNativeTarget section */

/* Begin PBXProject section */
		ACD97E9D213DD30A00FF56EE /* Project object */ = {
			isa = PBXProject;
			attributes = {
				LastSwiftUpdateCheck = 0940;
				LastUpgradeCheck = 0940;
				ORGANIZATIONNAME = "Usuario invitado";
				TargetAttributes = {
					ACD97EA4213DD30A00FF56EE = {
						CreatedOnToolsVersion = 9.4.1;
					};
					ACD97EB8213DD30C00FF56EE = {
						CreatedOnToolsVersion = 9.4.1;
						TestTargetID = ACD97EA4213DD30A00FF56EE;
					};
					ACD97EC3213DD30C00FF56EE = {
						CreatedOnToolsVersion = 9.4.1;
						TestTargetID = ACD97EA4213DD30A00FF56EE;
					};
				};
			};
			buildConfigurationList = ACD97EA0213DD30A00FF56EE /* Build configuration list for PBXProject "tableview2" */;
			compatibilityVersion = "Xcode 9.3";
			developmentRegion = en;
			hasScannedForEncodings = 0;
			knownRegions = (
				en,
				Base,
			);
			mainGroup = ACD97E9C213DD30A00FF56EE;
			productRefGroup = ACD97EA6213DD30A00FF56EE /* Products */;
			projectDirPath = "";
			projectRoot = "";
			targets = (
				ACD97EA4213DD30A00FF56EE /* tableview2 */,
				ACD97EB8213DD30C00FF56EE /* tableview2Tests */,
				ACD97EC3213DD30C00FF56EE /* tableview2UITests */,
			);
		};
/* End PBXProject section */

/* Begin PBXResourcesBuildPhase section */
		ACD97EA3213DD30A00FF56EE /* Resources */ = {
			isa = PBXResourcesBuildPhase;
			buildActionMask = 2147483647;
			files = (
				ACD97EB3213DD30C00FF56EE /* LaunchScreen.storyboard in Resources */,
				ACD97EB0213DD30C00FF56EE /* Assets.xcassets in Resources */,
				ACD97EAE213DD30A00FF56EE /* Main.storyboard in Resources */,
			);
			runOnlyForDeploymentPostprocessing = 0;
		};
		ACD97EB7213DD30C00FF56EE /* Resources */ = {
			isa = PBXResourcesBuildPhase;
			buildActionMask = 2147483647;
			files = (
			);
			runOnlyForDeploymentPostprocessing = 0;
		};
		ACD97EC2213DD30C00FF56EE /* Resources */ = {
			isa = PBXResourcesBuildPhase;
			buildActionMask = 2147483647;
			files = (
			);
			runOnlyForDeploymentPostprocessing = 0;
		};
/* End PBXResourcesBuildPhase section */

/* Begin PBXSourcesBuildPhase section */
		ACD97EA1213DD30A00FF56EE /* Sources */ = {
			isa = PBXSourcesBuildPhase;
			buildActionMask = 2147483647;
			files = (
				ACD97EAB213DD30A00FF56EE /* ViewController.swift in Sources */,
				ACD97EA9213DD30A00FF56EE /* AppDelegate.swift in Sources */,
			);
			runOnlyForDeploymentPostprocessing = 0;
		};
		ACD97EB5213DD30C00FF56EE /* Sources */ = {
			isa = PBXSourcesBuildPhase;
			buildActionMask = 2147483647;
			files = (
				ACD97EBE213DD30C00FF56EE /* tableview2Tests.swift in Sources */,
			);
			runOnlyForDeploymentPostprocessing = 0;
		};
		ACD97EC0213DD30C00FF56EE /* Sources */ = {
			isa = PBXSourcesBuildPhase;
			buildActionMask = 2147483647;
			files = (
				ACD97EC9213DD30C00FF56EE /* tableview2UITests.swift in Sources */,
			);
			runOnlyForDeploymentPostprocessing = 0;
		};
/* End PBXSourcesBuildPhase section */

/* Begin PBXTargetDependency section */
		ACD97EBB213DD30C00FF56EE /* PBXTargetDependency */ = {
			isa = PBXTargetDependency;
			target = ACD97EA4213DD30A00FF56EE /* tableview2 */;
			targetProxy = ACD97EBA213DD30C00FF56EE /* PBXContainerItemProxy */;
		};
		ACD97EC6213DD30C00FF56EE /* PBXTargetDependency */ = {
			isa = PBXTargetDependency;
			target = ACD97EA4213DD30A00FF56EE /* tableview2 */;
			targetProxy = ACD97EC5213DD30C00FF56EE /* PBXContainerItemProxy */;
		};
/* End PBXTargetDependency section */

/* Begin PBXVariantGroup section */
		ACD97EAC213DD30A00FF56EE /* Main.storyboard */ = {
			isa = PBXVariantGroup;
			children = (
				ACD97EAD213DD30A00FF56EE /* Base */,
			);
			name = Main.storyboard;
			sourceTree = "<group>";
		};
		ACD97EB1213DD30C00FF56EE /* LaunchScreen.storyboard */ = {
			isa = PBXVariantGroup;
			children = (
				ACD97EB2213DD30C00FF56EE /* Base */,
			);
			name = LaunchScreen.storyboard;
			sourceTree = "<group>";
		};
/* End PBXVariantGroup section */

/* Begin XCBuildConfiguration section */
		ACD97ECB213DD30C00FF56EE /* Debug */ = {
			isa = XCBuildConfiguration;
			buildSettings = {
				ALWAYS_SEARCH_USER_PATHS = NO;
				CLANG_ANALYZER_NONNULL = YES;
				CLANG_ANALYZER_NUMBER_OBJECT_CONVERSION = YES_AGGRESSIVE;
				CLANG_CXX_LANGUAGE_STANDARD = "gnu++14";
				CLANG_CXX_LIBRARY = "libc++";
				CLANG_ENABLE_MODULES = YES;
				CLANG_ENABLE_OBJC_ARC = YES;
				CLANG_ENABLE_OBJC_WEAK = YES;
				CLANG_WARN_BLOCK_CAPTURE_AUTORELEASING = YES;
				CLANG_WARN_BOOL_CONVERSION = YES;
				CLANG_WARN_COMMA = YES;
				CLANG_WARN_CONSTANT_CONVERSION = YES;
				CLANG_WARN_DEPRECATED_OBJC_IMPLEMENTATIONS = YES;
				CLANG_WARN_DIRECT_OBJC_ISA_USAGE = YES_ERROR;
				CLANG_WARN_DOCUMENTATION_COMMENTS = YES;
				CLANG_WARN_EMPTY_BODY = YES;
				CLANG_WARN_ENUM_CONVERSION = YES;
				CLANG_WARN_INFINITE_RECURSION = YES;
				CLANG_WARN_INT_CONVERSION = YES;
				CLANG_WARN_NON_LITERAL_NULL_CONVERSION = YES;
				CLANG_WARN_OBJC_IMPLICIT_RETAIN_SELF = YES;
				CLANG_WARN_OBJC_LITERAL_CONVERSION = YES;
				CLANG_WARN_OBJC_ROOT_CLASS = YES_ERROR;
				CLANG_WARN_RANGE_LOOP_ANALYSIS = YES;
				CLANG_WARN_STRICT_PROTOTYPES = YES;
				CLANG_WARN_SUSPICIOUS_MOVE = YES;
				CLANG_WARN_UNGUARDED_AVAILABILITY = YES_AGGRESSIVE;
				CLANG_WARN_UNREACHABLE_CODE = YES;
				CLANG_WARN__DUPLICATE_METHOD_MATCH = YES;
				CODE_SIGN_IDENTITY = "iPhone Developer";
				COPY_PHASE_STRIP = NO;
				DEBUG_INFORMATION_FORMAT = dwarf;
				ENABLE_STRICT_OBJC_MSGSEND = YES;
				ENABLE_TESTABILITY = YES;
				GCC_C_LANGUAGE_STANDARD = gnu11;
				GCC_DYNAMIC_NO_PIC = NO;
				GCC_NO_COMMON_BLOCKS = YES;
				GCC_OPTIMIZATION_LEVEL = 0;
				GCC_PREPROCESSOR_DEFINITIONS = (
					"DEBUG=1",
					"$(inherited)",
				);
				GCC_WARN_64_TO_32_BIT_CONVERSION = YES;
				GCC_WARN_ABOUT_RETURN_TYPE = YES_ERROR;
				GCC_WARN_UNDECLARED_SELECTOR = YES;
				GCC_WARN_UNINITIALIZED_AUTOS = YES_AGGRESSIVE;
				GCC_WARN_UNUSED_FUNCTION = YES;
				GCC_WARN_UNUSED_VARIABLE = YES;
				IPHONEOS_DEPLOYMENT_TARGET = 11.4;
				MTL_ENABLE_DEBUG_INFO = YES;
				ONLY_ACTIVE_ARCH = YES;
				SDKROOT = iphoneos;
				SWIFT_ACTIVE_COMPILATION_CONDITIONS = DEBUG;
				SWIFT_OPTIMIZATION_LEVEL = "-Onone";
			};
			name = Debug;
		};
		ACD97ECC213DD30C00FF56EE /* Release */ = {
			isa = XCBuildConfiguration;
			buildSettings = {
				ALWAYS_SEARCH_USER_PATHS = NO;
				CLANG_ANALYZER_NONNULL = YES;
				CLANG_ANALYZER_NUMBER_OBJECT_CONVERSION = YES_AGGRESSIVE;
				CLANG_CXX_LANGUAGE_STANDARD = "gnu++14";
				CLANG_CXX_LIBRARY = "libc++";
				CLANG_ENABLE_MODULES = YES;
				CLANG_ENABLE_OBJC_ARC = YES;
				CLANG_ENABLE_OBJC_WEAK = YES;
				CLANG_WARN_BLOCK_CAPTURE_AUTORELEASING = YES;
				CLANG_WARN_BOOL_CONVERSION = YES;
				CLANG_WARN_COMMA = YES;
				CLANG_WARN_CONSTANT_CONVERSION = YES;
				CLANG_WARN_DEPRECATED_OBJC_IMPLEMENTATIONS = YES;
				CLANG_WARN_DIRECT_OBJC_ISA_USAGE = YES_ERROR;
				CLANG_WARN_DOCUMENTATION_COMMENTS = YES;
				CLANG_WARN_EMPTY_BODY = YES;
				CLANG_WARN_ENUM_CONVERSION = YES;
				CLANG_WARN_INFINITE_RECURSION = YES;
				CLANG_WARN_INT_CONVERSION = YES;
				CLANG_WARN_NON_LITERAL_NULL_CONVERSION = YES;
				CLANG_WARN_OBJC_IMPLICIT_RETAIN_SELF = YES;
				CLANG_WARN_OBJC_LITERAL_CONVERSION = YES;
				CLANG_WARN_OBJC_ROOT_CLASS = YES_ERROR;
				CLANG_WARN_RANGE_LOOP_ANALYSIS = YES;
				CLANG_WARN_STRICT_PROTOTYPES = YES;
				CLANG_WARN_SUSPICIOUS_MOVE = YES;
				CLANG_WARN_UNGUARDED_AVAILABILITY = YES_AGGRESSIVE;
				CLANG_WARN_UNREACHABLE_CODE = YES;
				CLANG_WARN__DUPLICATE_METHOD_MATCH = YES;
				CODE_SIGN_IDENTITY = "iPhone Developer";
				COPY_PHASE_STRIP = NO;
				DEBUG_INFORMATION_FORMAT = "dwarf-with-dsym";
				ENABLE_NS_ASSERTIONS = NO;
				ENABLE_STRICT_OBJC_MSGSEND = YES;
				GCC_C_LANGUAGE_STANDARD = gnu11;
				GCC_NO_COMMON_BLOCKS = YES;
				GCC_WARN_64_TO_32_BIT_CONVERSION = YES;
				GCC_WARN_ABOUT_RETURN_TYPE = YES_ERROR;
				GCC_WARN_UNDECLARED_SELECTOR = YES;
				GCC_WARN_UNINITIALIZED_AUTOS = YES_AGGRESSIVE;
				GCC_WARN_UNUSED_FUNCTION = YES;
				GCC_WARN_UNUSED_VARIABLE = YES;
				IPHONEOS_DEPLOYMENT_TARGET = 11.4;
				MTL_ENABLE_DEBUG_INFO = NO;
				SDKROOT = iphoneos;
				SWIFT_COMPILATION_MODE = wholemodule;
				SWIFT_OPTIMIZATION_LEVEL = "-O";
				VALIDATE_PRODUCT = YES;
			};
			name = Release;
		};
		ACD97ECE213DD30C00FF56EE /* Debug */ = {
			isa = XCBuildConfiguration;
			buildSettings = {
				ASSETCATALOG_COMPILER_APPICON_NAME = AppIcon;
				CODE_SIGN_STYLE = Automatic;
				INFOPLIST_FILE = tableview2/Info.plist;
				LD_RUNPATH_SEARCH_PATHS = (
					"$(inherited)",
					"@executable_path/Frameworks",
				);
				PRODUCT_BUNDLE_IDENTIFIER = ioslab.com.tableview2;
				PRODUCT_NAME = "$(TARGET_NAME)";
				SWIFT_VERSION = 4.0;
				TARGETED_DEVICE_FAMILY = "1,2";
			};
			name = Debug;
		};
		ACD97ECF213DD30C00FF56EE /* Release */ = {
			isa = XCBuildConfiguration;
			buildSettings = {
				ASSETCATALOG_COMPILER_APPICON_NAME = AppIcon;
				CODE_SIGN_STYLE = Automatic;
				INFOPLIST_FILE = tableview2/Info.plist;
				LD_RUNPATH_SEARCH_PATHS = (
					"$(inherited)",
					"@executable_path/Frameworks",
				);
				PRODUCT_BUNDLE_IDENTIFIER = ioslab.com.tableview2;
				PRODUCT_NAME = "$(TARGET_NAME)";
				SWIFT_VERSION = 4.0;
				TARGETED_DEVICE_FAMILY = "1,2";
			};
			name = Release;
		};
		ACD97ED1213DD30C00FF56EE /* Debug */ = {
			isa = XCBuildConfiguration;
			buildSettings = {
				ALWAYS_EMBED_SWIFT_STANDARD_LIBRARIES = YES;
				BUNDLE_LOADER = "$(TEST_HOST)";
				CODE_SIGN_STYLE = Automatic;
				INFOPLIST_FILE = tableview2Tests/Info.plist;
				LD_RUNPATH_SEARCH_PATHS = (
					"$(inherited)",
					"@executable_path/Frameworks",
					"@loader_path/Frameworks",
				);
				PRODUCT_BUNDLE_IDENTIFIER = ioslab.com.tableview2Tests;
				PRODUCT_NAME = "$(TARGET_NAME)";
				SWIFT_VERSION = 4.0;
				TARGETED_DEVICE_FAMILY = "1,2";
				TEST_HOST = "$(BUILT_PRODUCTS_DIR)/tableview2.app/tableview2";
			};
			name = Debug;
		};
		ACD97ED2213DD30C00FF56EE /* Release */ = {
			isa = XCBuildConfiguration;
			buildSettings = {
				ALWAYS_EMBED_SWIFT_STANDARD_LIBRARIES = YES;
				BUNDLE_LOADER = "$(TEST_HOST)";
				CODE_SIGN_STYLE = Automatic;
				INFOPLIST_FILE = tableview2Tests/Info.plist;
				LD_RUNPATH_SEARCH_PATHS = (
					"$(inherited)",
					"@executable_path/Frameworks",
					"@loader_path/Frameworks",
				);
				PRODUCT_BUNDLE_IDENTIFIER = ioslab.com.tableview2Tests;
				PRODUCT_NAME = "$(TARGET_NAME)";
				SWIFT_VERSION = 4.0;
				TARGETED_DEVICE_FAMILY = "1,2";
				TEST_HOST = "$(BUILT_PRODUCTS_DIR)/tableview2.app/tableview2";
			};
			name = Release;
		};
		ACD97ED4213DD30C00FF56EE /* Debug */ = {
			isa = XCBuildConfiguration;
			buildSettings = {
				ALWAYS_EMBED_SWIFT_STANDARD_LIBRARIES = YES;
				CODE_SIGN_STYLE = Automatic;
				INFOPLIST_FILE = tableview2UITests/Info.plist;
				LD_RUNPATH_SEARCH_PATHS = (
					"$(inherited)",
					"@executable_path/Frameworks",
					"@loader_path/Frameworks",
				);
				PRODUCT_BUNDLE_IDENTIFIER = ioslab.com.tableview2UITests;
				PRODUCT_NAME = "$(TARGET_NAME)";
				SWIFT_VERSION = 4.0;
				TARGETED_DEVICE_FAMILY = "1,2";
				TEST_TARGET_NAME = tableview2;
			};
			name = Debug;
		};
		ACD97ED5213DD30C00FF56EE /* Release */ = {
			isa = XCBuildConfiguration;
			buildSettings = {
				ALWAYS_EMBED_SWIFT_STANDARD_LIBRARIES = YES;
				CODE_SIGN_STYLE = Automatic;
				INFOPLIST_FILE = tableview2UITests/Info.plist;
				LD_RUNPATH_SEARCH_PATHS = (
					"$(inherited)",
					"@executable_path/Frameworks",
					"@loader_path/Frameworks",
				);
				PRODUCT_BUNDLE_IDENTIFIER = ioslab.com.tableview2UITests;
				PRODUCT_NAME = "$(TARGET_NAME)";
				SWIFT_VERSION = 4.0;
				TARGETED_DEVICE_FAMILY = "1,2";
				TEST_TARGET_NAME = tableview2;
			};
			name = Release;
		};
/* End XCBuildConfiguration section */

/* Begin XCConfigurationList section */
		ACD97EA0213DD30A00FF56EE /* Build configuration list for PBXProject "tableview2" */ = {
			isa = XCConfigurationList;
			buildConfigurations = (
				ACD97ECB213DD30C00FF56EE /* Debug */,
				ACD97ECC213DD30C00FF56EE /* Release */,
			);
			defaultConfigurationIsVisible = 0;
			defaultConfigurationName = Release;
		};
		ACD97ECD213DD30C00FF56EE /* Build configuration list for PBXNativeTarget "tableview2" */ = {
			isa = XCConfigurationList;
			buildConfigurations = (
				ACD97ECE213DD30C00FF56EE /* Debug */,
				ACD97ECF213DD30C00FF56EE /* Release */,
			);
			defaultConfigurationIsVisible = 0;
			defaultConfigurationName = Release;
		};
		ACD97ED0213DD30C00FF56EE /* Build configuration list for PBXNativeTarget "tableview2Tests" */ = {
			isa = XCConfigurationList;
			buildConfigurations = (
				ACD97ED1213DD30C00FF56EE /* Debug */,
				ACD97ED2213DD30C00FF56EE /* Release */,
			);
			defaultConfigurationIsVisible = 0;
			defaultConfigurationName = Release;
		};
		ACD97ED3213DD30C00FF56EE /* Build configuration list for PBXNativeTarget "tableview2UITests" */ = {
			isa = XCConfigurationList;
			buildConfigurations = (
				ACD97ED4213DD30C00FF56EE /* Debug */,
				ACD97ED5213DD30C00FF56EE /* Release */,
			);
			defaultConfigurationIsVisible = 0;
			defaultConfigurationName = Release;
		};
/* End XCConfigurationList section */
	};
	rootObject = ACD97E9D213DD30A00FF56EE /* Project object */;
}
